<Solution>
  <Configurations>
    <Platform Name="x64" />
    <Platform Name="x86" />
  </Configurations>
  <Project Path="2436-Spring2026/2436-Spring2026.vcxproj" Id="32bbcdab-d90f-41b2-9209-4260320a6b6b" />
  <Project Path="A calculus deviation - INTEGRATION/A calculus deviation - INTEGRATION.vcxproj" Id="cb7c2533-cab0-4465-90b1-94495b24cb05" />
  <Project Path="Benchmarking bin search and linear search with RNG/Benchmarking bin search and linear search with RNG.vcxproj" Id="bdf91d8f-0679-4574-9219-da9eb5a1def6" />
  <Project Path="Demo of STD-PARTITION/Demo of STD-PARTITION.vcxproj" Id="306bf6bb-1f8c-4b17-af40-57da87bdd585" />
  <Project Path="Feb10-starting sorting algos/Feb10-starting sorting algos.vcxproj" Id="f21d3428-407e-4b72-9cb3-9433e7e3478d" />
  <Project Path="Feb19-first day on linked lists/Feb19-first day on linked lists.vcxproj" Id="75bd8f1d-3747-4e87-9d35-36c80a86031a" />
  <Project Path="Feb26-first day on QUEUES/Feb26-first day on QUEUES.vcxproj" Id="2ca47528-ecf6-4e6b-90ab-bd2e790e2ed1" />
  <Project Path="Former GLORIOUS grocery store simulator/Former GLORIOUS grocery store simulator.vcxproj" Id="b5fecf87-e49f-40f9-9ddd-b23b220beb1d" />
  <Project Path="One student submission of playing with ALGOS/One student submission of playing with ALGOS.vcxproj" Id="d9e2c3f5-d1b7-47a8-85cc-3eac53cd38b7" />
  <Project Path="Simple binary search complexity example/Simple binary search complexity example.vcxproj" Id="73fec5b7-0eeb-4818-9a1d-d0209563152e" />
</Solution>
